
Microsoft Visual Studio Solution File, Format Version 12.00
# Visual Studio Version 17
VisualStudioVersion = 17.7.34202.233
MinimumVisualStudioVersion = 10.0.40219.1
Project("{FAE04EC0-301F-11D3-BF4B-00C04F79EFBC}") = "OrderbookLib", "OrderbookLib\OrderbookLib.csproj", "{1105F2F0-0903-4824-9FF3-02F8B45DF1F1}"
EndProject
Global
	GlobalSection(SolutionConfigurationPlatforms) = preSolution
		Debug|Any CPU = Debug|Any CPU
		Release|Any CPU = Release|Any CPU
	EndGlobalSection
	GlobalSection(ProjectConfigurationPlatforms) = postSolution
		{1105F2F0-0903-4824-9FF3-02F8B45DF1F1}.Debug|Any CPU.ActiveCfg = Debug|Any CPU
		{1105F2F0-0903-4824-9FF3-02F8B45DF1F1}.Debug|Any CPU.Build.0 = Debug|Any CPU
		{1105F2F0-0903-4824-9FF3-02F8B45DF1F1}.Release|Any CPU.ActiveCfg = Release|Any CPU
		{1105F2F0-0903-4824-9FF3-02F8B45DF1F1}.Release|Any CPU.Build.0 = Release|Any CPU
	EndGlobalSection
	GlobalSection(SolutionProperties) = preSolution
		HideSolutionNode = FALSE
	EndGlobalSection
	GlobalSection(ExtensibilityGlobals) = postSolution
		SolutionGuid = {5D9970FB-20CE-4365-91C1-3F6DB2BF0093}
	EndGlobalSection
EndGlobal
